
Microsoft Visual Studio Solution File, Format Version 12.00
# Visual Studio Version 17
VisualStudioVersion = 17.3.32819.101
MinimumVisualStudioVersion = 10.0.40219.1
Project("{FAE04EC0-301F-11D3-BF4B-00C04F79EFBC}") = "Responsi460535", "Responsi460535\Responsi460535.csproj", "{8F4531B7-F2B6-4B5E-B1B3-44A7777C4614}"
EndProject
Global
	GlobalSection(SolutionConfigurationPlatforms) = preSolution
		Debug|Any CPU = Debug|Any CPU
		Release|Any CPU = Release|Any CPU
	EndGlobalSection
	GlobalSection(ProjectConfigurationPlatforms) = postSolution
		{8F4531B7-F2B6-4B5E-B1B3-44A7777C4614}.Debug|Any CPU.ActiveCfg = Debug|Any CPU
		{8F4531B7-F2B6-4B5E-B1B3-44A7777C4614}.Debug|Any CPU.Build.0 = Debug|Any CPU
		{8F4531B7-F2B6-4B5E-B1B3-44A7777C4614}.Release|Any CPU.ActiveCfg = Release|Any CPU
		{8F4531B7-F2B6-4B5E-B1B3-44A7777C4614}.Release|Any CPU.Build.0 = Release|Any CPU
	EndGlobalSection
	GlobalSection(SolutionProperties) = preSolution
		HideSolutionNode = FALSE
	EndGlobalSection
	GlobalSection(ExtensibilityGlobals) = postSolution
		SolutionGuid = {863EE051-7DAF-4919-A2BA-A04754845861}
	EndGlobalSection
EndGlobal
